
Microsoft Visual Studio Solution File, Format Version 12.00
# Visual Studio Version 17
VisualStudioVersion = 17.7.34031.279
MinimumVisualStudioVersion = 10.0.40219.1
Project("{FAE04EC0-301F-11D3-BF4B-00C04F79EFBC}") = "NerProgramming", "NerProgramming\NerProgramming.csproj", "{4FACFC03-C230-42A4-AFB5-80E5F79CE4EE}"
EndProject
Global
	GlobalSection(SolutionConfigurationPlatforms) = preSolution
		Debug|Any CPU = Debug|Any CPU
		Release|Any CPU = Release|Any CPU
	EndGlobalSection
	GlobalSection(ProjectConfigurationPlatforms) = postSolution
		{4FACFC03-C230-42A4-AFB5-80E5F79CE4EE}.Debug|Any CPU.ActiveCfg = Debug|Any CPU
		{4FACFC03-C230-42A4-AFB5-80E5F79CE4EE}.Debug|Any CPU.Build.0 = Debug|Any CPU
		{4FACFC03-C230-42A4-AFB5-80E5F79CE4EE}.Release|Any CPU.ActiveCfg = Release|Any CPU
		{4FACFC03-C230-42A4-AFB5-80E5F79CE4EE}.Release|Any CPU.Build.0 = Release|Any CPU
	EndGlobalSection
	GlobalSection(SolutionProperties) = preSolution
		HideSolutionNode = FALSE
	EndGlobalSection
	GlobalSection(ExtensibilityGlobals) = postSolution
		SolutionGuid = {298AACA2-614D-4ED9-A1F1-DB996A9DF682}
	EndGlobalSection
EndGlobal
